Microsoft Visual Studio Solution File, Format Version 12.00
# Visual Studio 2012
Project("{FAE04EC0-301F-11D3-BF4B-00C04F79EFBC}") = "RPG-Test", "RPG-Test.csproj", "{03530658-9683-4AB8-AC24-354105EBCCDD}"
EndProject
Global
	GlobalSection(SolutionConfigurationPlatforms) = preSolution
	Debug|Any CPU = Debug|Any CPU
	ExportDebug|Any CPU = ExportDebug|Any CPU
	ExportRelease|Any CPU = ExportRelease|Any CPU
	EndGlobalSection
	GlobalSection(ProjectConfigurationPlatforms) = postSolution
		{03530658-9683-4AB8-AC24-354105EBCCDD}.Debug|Any CPU.ActiveCfg = Debug|Any CPU
		{03530658-9683-4AB8-AC24-354105EBCCDD}.Debug|Any CPU.Build.0 = Debug|Any CPU
		{03530658-9683-4AB8-AC24-354105EBCCDD}.ExportDebug|Any CPU.ActiveCfg = ExportDebug|Any CPU
		{03530658-9683-4AB8-AC24-354105EBCCDD}.ExportDebug|Any CPU.Build.0 = ExportDebug|Any CPU
		{03530658-9683-4AB8-AC24-354105EBCCDD}.ExportRelease|Any CPU.ActiveCfg = ExportRelease|Any CPU
		{03530658-9683-4AB8-AC24-354105EBCCDD}.ExportRelease|Any CPU.Build.0 = ExportRelease|Any CPU
	EndGlobalSection
EndGlobal
